
Microsoft Visual Studio Solution File, Format Version 12.00
# Visual Studio 2013
VisualStudioVersion = 12.0.40629.0
MinimumVisualStudioVersion = 10.0.40219.1
Project("{FAE04EC0-301F-11D3-BF4B-00C04F79EFBC}") = "HXD.BookLibrary", "HXD.BookLibrary\HXD.BookLibrary.csproj", "{5C5E6E5B-3AA9-43BA-BA22-076B749BA630}"
EndProject
Project("{FAE04EC0-301F-11D3-BF4B-00C04F79EFBC}") = "HXD.BookLibrary.Tests", "HXD.BookLibrary.Tests\HXD.BookLibrary.Tests.csproj", "{8E5754A0-2565-4B1F-9D48-ED849B8D94F9}"
EndProject
Project("{FAE04EC0-301F-11D3-BF4B-00C04F79EFBC}") = "HXD.Common", "HXD.Common\HXD.Common.csproj", "{D0FA7F51-D896-4733-96E9-D51D177213F5}"
EndProject
Project("{FAE04EC0-301F-11D3-BF4B-00C04F79EFBC}") = "HXD.Common.Data", "HXD.Common.Data\HXD.Common.Data.csproj", "{91AAB756-369A-4A7B-AB14-C969795312F6}"
EndProject
Project("{FAE04EC0-301F-11D3-BF4B-00C04F79EFBC}") = "HXD.BookLibrary.Service", "HXD.BookLibrary.Service\HXD.BookLibrary.Service.csproj", "{EE3BA1D9-8233-48C1-B8D4-94DBEFF54DD4}"
EndProject
Project("{FAE04EC0-301F-11D3-BF4B-00C04F79EFBC}") = "HXD.BookLibrary.Dao", "HXD.BookLibrary.Dao\HXD.BookLibrary.Dao.csproj", "{C1AF80BA-3DAE-47E5-9E78-C6138E1B7C8D}"
EndProject
Project("{FAE04EC0-301F-11D3-BF4B-00C04F79EFBC}") = "HXD.BookLibrary.Models", "HXD.BookLibrary.Models\HXD.BookLibrary.Models.csproj", "{FDE79799-CE30-4990-AA05-8D58CC70EA7B}"
EndProject
Global
	GlobalSection(SolutionConfigurationPlatforms) = preSolution
		Debug|Any CPU = Debug|Any CPU
		Release|Any CPU = Release|Any CPU
	EndGlobalSection
	GlobalSection(ProjectConfigurationPlatforms) = postSolution
		{5C5E6E5B-3AA9-43BA-BA22-076B749BA630}.Debug|Any CPU.ActiveCfg = Debug|Any CPU
		{5C5E6E5B-3AA9-43BA-BA22-076B749BA630}.Debug|Any CPU.Build.0 = Debug|Any CPU
		{5C5E6E5B-3AA9-43BA-BA22-076B749BA630}.Release|Any CPU.ActiveCfg = Release|Any CPU
		{5C5E6E5B-3AA9-43BA-BA22-076B749BA630}.Release|Any CPU.Build.0 = Release|Any CPU
		{8E5754A0-2565-4B1F-9D48-ED849B8D94F9}.Debug|Any CPU.ActiveCfg = Debug|Any CPU
		{8E5754A0-2565-4B1F-9D48-ED849B8D94F9}.Debug|Any CPU.Build.0 = Debug|Any CPU
		{8E5754A0-2565-4B1F-9D48-ED849B8D94F9}.Release|Any CPU.ActiveCfg = Release|Any CPU
		{8E5754A0-2565-4B1F-9D48-ED849B8D94F9}.Release|Any CPU.Build.0 = Release|Any CPU
		{D0FA7F51-D896-4733-96E9-D51D177213F5}.Debug|Any CPU.ActiveCfg = Debug|Any CPU
		{D0FA7F51-D896-4733-96E9-D51D177213F5}.Debug|Any CPU.Build.0 = Debug|Any CPU
		{D0FA7F51-D896-4733-96E9-D51D177213F5}.Release|Any CPU.ActiveCfg = Release|Any CPU
		{D0FA7F51-D896-4733-96E9-D51D177213F5}.Release|Any CPU.Build.0 = Release|Any CPU
		{91AAB756-369A-4A7B-AB14-C969795312F6}.Debug|Any CPU.ActiveCfg = Debug|Any CPU
		{91AAB756-369A-4A7B-AB14-C969795312F6}.Debug|Any CPU.Build.0 = Debug|Any CPU
		{91AAB756-369A-4A7B-AB14-C969795312F6}.Release|Any CPU.ActiveCfg = Release|Any CPU
		{91AAB756-369A-4A7B-AB14-C969795312F6}.Release|Any CPU.Build.0 = Release|Any CPU
		{EE3BA1D9-8233-48C1-B8D4-94DBEFF54DD4}.Debug|Any CPU.ActiveCfg = Debug|Any CPU
		{EE3BA1D9-8233-48C1-B8D4-94DBEFF54DD4}.Debug|Any CPU.Build.0 = Debug|Any CPU
		{EE3BA1D9-8233-48C1-B8D4-94DBEFF54DD4}.Release|Any CPU.ActiveCfg = Release|Any CPU
		{EE3BA1D9-8233-48C1-B8D4-94DBEFF54DD4}.Release|Any CPU.Build.0 = Release|Any CPU
		{C1AF80BA-3DAE-47E5-9E78-C6138E1B7C8D}.Debug|Any CPU.ActiveCfg = Debug|Any CPU
		{C1AF80BA-3DAE-47E5-9E78-C6138E1B7C8D}.Debug|Any CPU.Build.0 = Debug|Any CPU
		{C1AF80BA-3DAE-47E5-9E78-C6138E1B7C8D}.Release|Any CPU.ActiveCfg = Release|Any CPU
		{C1AF80BA-3DAE-47E5-9E78-C6138E1B7C8D}.Release|Any CPU.Build.0 = Release|Any CPU
		{FDE79799-CE30-4990-AA05-8D58CC70EA7B}.Debug|Any CPU.ActiveCfg = Debug|Any CPU
		{FDE79799-CE30-4990-AA05-8D58CC70EA7B}.Debug|Any CPU.Build.0 = Debug|Any CPU
		{FDE79799-CE30-4990-AA05-8D58CC70EA7B}.Release|Any CPU.ActiveCfg = Release|Any CPU
		{FDE79799-CE30-4990-AA05-8D58CC70EA7B}.Release|Any CPU.Build.0 = Release|Any CPU
	EndGlobalSection
	GlobalSection(SolutionProperties) = preSolution
		HideSolutionNode = FALSE
	EndGlobalSection
EndGlobal
